
Microsoft Visual Studio Solution File, Format Version 12.00
# Visual Studio Version 17
VisualStudioVersion = 17.10.35122.118
MinimumVisualStudioVersion = 10.0.40219.1
Project("{9A19103F-16F7-4668-BE54-9A1E7A4F7556}") = "FinanceTracker.Api", "FinanceTracker.Api\FinanceTracker.Api.csproj", "{9CAF43B8-BF6A-4F69-8B28-7DF570B3A247}"
EndProject
Project("{2150E333-8FDC-42A3-9474-1A3956D46DE8}") = "Solution Items", "Solution Items", "{5D3C63CE-E097-4AE1-A425-940B0E2CD675}"
	ProjectSection(SolutionItems) = preProject
		..\..\.editorconfig = ..\..\.editorconfig
		..\..\.gitignore = ..\..\.gitignore
		..\..\Directory.Build.props = ..\..\Directory.Build.props
		..\..\README.md = ..\..\README.md
		..\..\fly.toml = ..\..\fly.toml
	EndProjectSection
EndProject
Project("{2150E333-8FDC-42A3-9474-1A3956D46DE8}") = "src", "src", "{EFA3F443-2CCB-4C00-AC51-D3961286B6D2}"
EndProject
Project("{9A19103F-16F7-4668-BE54-9A1E7A4F7556}") = "FinanceTracker.Domain", "FinanceTracker.Domain\FinanceTracker.Domain.csproj", "{7FC69D3C-7D54-4F0B-AAA9-4D111A3B0EA3}"
EndProject
Project("{9A19103F-16F7-4668-BE54-9A1E7A4F7556}") = "FinanceTracker.Infrastructure", "FinanceTracker.Infrastructure\FinanceTracker.Infrastructure.csproj", "{3786CD5D-90E3-480B-AF57-113B0FCC9F86}"
EndProject
Project("{9A19103F-16F7-4668-BE54-9A1E7A4F7556}") = "FinanceTracker.Application", "FinanceTracker.Application\FinanceTracker.Application.csproj", "{EF01FE12-74AE-4937-B4DB-EE2E70806BCA}"
EndProject
Project("{2150E333-8FDC-42A3-9474-1A3956D46DE8}") = "tests", "tests", "{12B57068-DCA5-4601-9267-5859CEEEC930}"
EndProject
Project("{E53339B2-1760-4266-BCC7-CA923CBCF16C}") = "docker-compose", "..\..\docker-compose.dcproj", "{FB214397-4A45-44EA-A297-511D02333B1E}"
EndProject
Project("{FAE04EC0-301F-11D3-BF4B-00C04F79EFBC}") = "FinanceTracker.Tests.Common", "..\..\tests\FinanceTracker.Tests.Common\FinanceTracker.Tests.Common.csproj", "{E7D08A4D-5B19-4749-A1AC-C6A406638E2E}"
EndProject
Project("{FAE04EC0-301F-11D3-BF4B-00C04F79EFBC}") = "FinanceTracker.Tests.Unit", "..\..\tests\FinanceTracker.Tests.Unit\FinanceTracker.Tests.Unit.csproj", "{64929C00-0221-4E9F-B74F-6FCAADFD31E4}"
EndProject
Global
	GlobalSection(SolutionConfigurationPlatforms) = preSolution
		Debug|Any CPU = Debug|Any CPU
		Release|Any CPU = Release|Any CPU
	EndGlobalSection
	GlobalSection(ProjectConfigurationPlatforms) = postSolution
		{9CAF43B8-BF6A-4F69-8B28-7DF570B3A247}.Debug|Any CPU.ActiveCfg = Debug|Any CPU
		{9CAF43B8-BF6A-4F69-8B28-7DF570B3A247}.Debug|Any CPU.Build.0 = Debug|Any CPU
		{9CAF43B8-BF6A-4F69-8B28-7DF570B3A247}.Release|Any CPU.ActiveCfg = Release|Any CPU
		{9CAF43B8-BF6A-4F69-8B28-7DF570B3A247}.Release|Any CPU.Build.0 = Release|Any CPU
		{7FC69D3C-7D54-4F0B-AAA9-4D111A3B0EA3}.Debug|Any CPU.ActiveCfg = Debug|Any CPU
		{7FC69D3C-7D54-4F0B-AAA9-4D111A3B0EA3}.Debug|Any CPU.Build.0 = Debug|Any CPU
		{7FC69D3C-7D54-4F0B-AAA9-4D111A3B0EA3}.Release|Any CPU.ActiveCfg = Release|Any CPU
		{7FC69D3C-7D54-4F0B-AAA9-4D111A3B0EA3}.Release|Any CPU.Build.0 = Release|Any CPU
		{3786CD5D-90E3-480B-AF57-113B0FCC9F86}.Debug|Any CPU.ActiveCfg = Debug|Any CPU
		{3786CD5D-90E3-480B-AF57-113B0FCC9F86}.Debug|Any CPU.Build.0 = Debug|Any CPU
		{3786CD5D-90E3-480B-AF57-113B0FCC9F86}.Release|Any CPU.ActiveCfg = Release|Any CPU
		{3786CD5D-90E3-480B-AF57-113B0FCC9F86}.Release|Any CPU.Build.0 = Release|Any CPU
		{EF01FE12-74AE-4937-B4DB-EE2E70806BCA}.Debug|Any CPU.ActiveCfg = Debug|Any CPU
		{EF01FE12-74AE-4937-B4DB-EE2E70806BCA}.Debug|Any CPU.Build.0 = Debug|Any CPU
		{EF01FE12-74AE-4937-B4DB-EE2E70806BCA}.Release|Any CPU.ActiveCfg = Release|Any CPU
		{EF01FE12-74AE-4937-B4DB-EE2E70806BCA}.Release|Any CPU.Build.0 = Release|Any CPU
		{FB214397-4A45-44EA-A297-511D02333B1E}.Debug|Any CPU.ActiveCfg = Debug|Any CPU
		{FB214397-4A45-44EA-A297-511D02333B1E}.Debug|Any CPU.Build.0 = Debug|Any CPU
		{FB214397-4A45-44EA-A297-511D02333B1E}.Release|Any CPU.ActiveCfg = Release|Any CPU
		{FB214397-4A45-44EA-A297-511D02333B1E}.Release|Any CPU.Build.0 = Release|Any CPU
		{E7D08A4D-5B19-4749-A1AC-C6A406638E2E}.Debug|Any CPU.ActiveCfg = Debug|Any CPU
		{E7D08A4D-5B19-4749-A1AC-C6A406638E2E}.Debug|Any CPU.Build.0 = Debug|Any CPU
		{E7D08A4D-5B19-4749-A1AC-C6A406638E2E}.Release|Any CPU.ActiveCfg = Release|Any CPU
		{E7D08A4D-5B19-4749-A1AC-C6A406638E2E}.Release|Any CPU.Build.0 = Release|Any CPU
		{64929C00-0221-4E9F-B74F-6FCAADFD31E4}.Debug|Any CPU.ActiveCfg = Debug|Any CPU
		{64929C00-0221-4E9F-B74F-6FCAADFD31E4}.Debug|Any CPU.Build.0 = Debug|Any CPU
		{64929C00-0221-4E9F-B74F-6FCAADFD31E4}.Release|Any CPU.ActiveCfg = Release|Any CPU
		{64929C00-0221-4E9F-B74F-6FCAADFD31E4}.Release|Any CPU.Build.0 = Release|Any CPU
	EndGlobalSection
	GlobalSection(SolutionProperties) = preSolution
		HideSolutionNode = FALSE
	EndGlobalSection
	GlobalSection(NestedProjects) = preSolution
		{9CAF43B8-BF6A-4F69-8B28-7DF570B3A247} = {EFA3F443-2CCB-4C00-AC51-D3961286B6D2}
		{7FC69D3C-7D54-4F0B-AAA9-4D111A3B0EA3} = {EFA3F443-2CCB-4C00-AC51-D3961286B6D2}
		{3786CD5D-90E3-480B-AF57-113B0FCC9F86} = {EFA3F443-2CCB-4C00-AC51-D3961286B6D2}
		{EF01FE12-74AE-4937-B4DB-EE2E70806BCA} = {EFA3F443-2CCB-4C00-AC51-D3961286B6D2}
		{E7D08A4D-5B19-4749-A1AC-C6A406638E2E} = {12B57068-DCA5-4601-9267-5859CEEEC930}
		{64929C00-0221-4E9F-B74F-6FCAADFD31E4} = {12B57068-DCA5-4601-9267-5859CEEEC930}
	EndGlobalSection
	GlobalSection(ExtensibilityGlobals) = postSolution
		SolutionGuid = {F2D61383-8C82-41F3-9AFC-51B9953FD561}
	EndGlobalSection
EndGlobal
