
Microsoft Visual Studio Solution File, Format Version 12.00
Project("{FAE04EC0-301F-11D3-BF4B-00C04F79EFBC}") = "FinanceTracker.Api", "FinanceTracker.Api\FinanceTracker.Api.csproj", "{9CAF43B8-BF6A-4F69-8B28-7DF570B3A247}"
EndProject
Project("{2150E333-8FDC-42A3-9474-1A3956D46DE8}") = "Solution Items", "Solution Items", "{5D3C63CE-E097-4AE1-A425-940B0E2CD675}"
	ProjectSection(SolutionItems) = preProject
		..\..\README.md = ..\..\README.md
		..\..\.gitignore = ..\..\.gitignore
		..\..\LICENSE = ..\..\LICENSE
		..\..\Directory.Build.props = ..\..\Directory.Build.props
		docker-compose.yml = docker-compose.yml
	EndProjectSection
EndProject
Project("{2150E333-8FDC-42A3-9474-1A3956D46DE8}") = "src", "src", "{EFA3F443-2CCB-4C00-AC51-D3961286B6D2}"
EndProject
Project("{FAE04EC0-301F-11D3-BF4B-00C04F79EFBC}") = "FinanceTracker.Domain", "FinanceTracker.Domain\FinanceTracker.Domain.csproj", "{7FC69D3C-7D54-4F0B-AAA9-4D111A3B0EA3}"
EndProject
Project("{FAE04EC0-301F-11D3-BF4B-00C04F79EFBC}") = "FinanceTracker.Infrastructure", "FinanceTracker.Infrastructure\FinanceTracker.Infrastructure.csproj", "{3786CD5D-90E3-480B-AF57-113B0FCC9F86}"
EndProject
Project("{FAE04EC0-301F-11D3-BF4B-00C04F79EFBC}") = "FinanceTracker.Application", "FinanceTracker.Application\FinanceTracker.Application.csproj", "{EF01FE12-74AE-4937-B4DB-EE2E70806BCA}"
EndProject
Project("{2150E333-8FDC-42A3-9474-1A3956D46DE8}") = "FinanceTracker", "FinanceTracker", "{2EDFB148-CD18-42E1-9752-DFB6A5161773}"
EndProject
Project("{2150E333-8FDC-42A3-9474-1A3956D46DE8}") = "tests", "tests", "{12B57068-DCA5-4601-9267-5859CEEEC930}"
EndProject
Global
	GlobalSection(SolutionConfigurationPlatforms) = preSolution
		Debug|Any CPU = Debug|Any CPU
		Release|Any CPU = Release|Any CPU
	EndGlobalSection
	GlobalSection(ProjectConfigurationPlatforms) = postSolution
		{9CAF43B8-BF6A-4F69-8B28-7DF570B3A247}.Debug|Any CPU.ActiveCfg = Debug|Any CPU
		{9CAF43B8-BF6A-4F69-8B28-7DF570B3A247}.Debug|Any CPU.Build.0 = Debug|Any CPU
		{9CAF43B8-BF6A-4F69-8B28-7DF570B3A247}.Release|Any CPU.ActiveCfg = Release|Any CPU
		{9CAF43B8-BF6A-4F69-8B28-7DF570B3A247}.Release|Any CPU.Build.0 = Release|Any CPU
		{7FC69D3C-7D54-4F0B-AAA9-4D111A3B0EA3}.Debug|Any CPU.ActiveCfg = Debug|Any CPU
		{7FC69D3C-7D54-4F0B-AAA9-4D111A3B0EA3}.Debug|Any CPU.Build.0 = Debug|Any CPU
		{7FC69D3C-7D54-4F0B-AAA9-4D111A3B0EA3}.Release|Any CPU.ActiveCfg = Release|Any CPU
		{7FC69D3C-7D54-4F0B-AAA9-4D111A3B0EA3}.Release|Any CPU.Build.0 = Release|Any CPU
		{3786CD5D-90E3-480B-AF57-113B0FCC9F86}.Debug|Any CPU.ActiveCfg = Debug|Any CPU
		{3786CD5D-90E3-480B-AF57-113B0FCC9F86}.Debug|Any CPU.Build.0 = Debug|Any CPU
		{3786CD5D-90E3-480B-AF57-113B0FCC9F86}.Release|Any CPU.ActiveCfg = Release|Any CPU
		{3786CD5D-90E3-480B-AF57-113B0FCC9F86}.Release|Any CPU.Build.0 = Release|Any CPU
		{EF01FE12-74AE-4937-B4DB-EE2E70806BCA}.Debug|Any CPU.ActiveCfg = Debug|Any CPU
		{EF01FE12-74AE-4937-B4DB-EE2E70806BCA}.Debug|Any CPU.Build.0 = Debug|Any CPU
		{EF01FE12-74AE-4937-B4DB-EE2E70806BCA}.Release|Any CPU.ActiveCfg = Release|Any CPU
		{EF01FE12-74AE-4937-B4DB-EE2E70806BCA}.Release|Any CPU.Build.0 = Release|Any CPU
	EndGlobalSection
	GlobalSection(NestedProjects) = preSolution
		{2EDFB148-CD18-42E1-9752-DFB6A5161773} = {EFA3F443-2CCB-4C00-AC51-D3961286B6D2}
		{9CAF43B8-BF6A-4F69-8B28-7DF570B3A247} = {2EDFB148-CD18-42E1-9752-DFB6A5161773}
		{EF01FE12-74AE-4937-B4DB-EE2E70806BCA} = {2EDFB148-CD18-42E1-9752-DFB6A5161773}
		{7FC69D3C-7D54-4F0B-AAA9-4D111A3B0EA3} = {2EDFB148-CD18-42E1-9752-DFB6A5161773}
		{3786CD5D-90E3-480B-AF57-113B0FCC9F86} = {2EDFB148-CD18-42E1-9752-DFB6A5161773}
	EndGlobalSection
EndGlobal
